# This file is generated by running "yarn install" inside your project.
# Manual changes might be lost - proceed with caution!

__metadata:
  version: 8
  cacheKey: 10c0

"ansi-styles@npm:^4.1.0":
  version: 4.3.0
  resolution: "ansi-styles@npm:4.3.0"
  dependencies:
    color-convert: "npm:^2.0.1"
  checksum: 10c0/895a23929da416f2bd3de7e9cb4eabd340949328ab85ddd6e484a637d8f6820d485f53933446f5291c3b760cbc488beb8e88573dd0f9c7daf83dccc8fe81b041
  languageName: node
  linkType: hard

"argparse@npm:^1.0.7":
  version: 1.0.10
  resolution: "argparse@npm:1.0.10"
  dependencies:
    sprintf-js: "npm:~1.0.2"
  checksum: 10c0/b2972c5c23c63df66bca144dbc65d180efa74f25f8fd9b7d9a0a6c88ae839db32df3d54770dcb6460cf840d232b60695d1a6b1053f599d84e73f7437087712de
  languageName: node
  linkType: hard

"async@npm:^3.2.3":
  version: 3.2.6
  resolution: "async@npm:3.2.6"
  checksum: 10c0/36484bb15ceddf07078688d95e27076379cc2f87b10c03b6dd8a83e89475a3c8df5848859dd06a4c95af1e4c16fc973de0171a77f18ea00be899aca2a4f85e70
  languageName: node
  linkType: hard

"balanced-match@npm:^1.0.0":
  version: 1.0.2
  resolution: "balanced-match@npm:1.0.2"
  checksum: 10c0/9308baf0a7e4838a82bbfd11e01b1cb0f0cf2893bc1676c27c2a8c0e70cbae1c59120c3268517a8ae7fb6376b4639ef81ca22582611dbee4ed28df945134aaee
  languageName: node
  linkType: hard

"brace-expansion@npm:^1.1.7":
  version: 1.1.11
  resolution: "brace-expansion@npm:1.1.11"
  dependencies:
    balanced-match: "npm:^1.0.0"
    concat-map: "npm:0.0.1"
  checksum: 10c0/695a56cd058096a7cb71fb09d9d6a7070113c7be516699ed361317aca2ec169f618e28b8af352e02ab4233fb54eb0168460a40dc320bab0034b36ab59aaad668
  languageName: node
  linkType: hard

"brace-expansion@npm:^2.0.1":
  version: 2.0.1
  resolution: "brace-expansion@npm:2.0.1"
  dependencies:
    balanced-match: "npm:^1.0.0"
  checksum: 10c0/b358f2fe060e2d7a87aa015979ecea07f3c37d4018f8d6deb5bd4c229ad3a0384fe6029bb76cd8be63c81e516ee52d1a0673edbe2023d53a5191732ae3c3e49f
  languageName: node
  linkType: hard

"breves-de-breux@workspace:.":
  version: 0.0.0-use.local
  resolution: "breves-de-breux@workspace:."
  dependencies:
    dotenv: "npm:^16.4.7"
    ejs: "npm:^3.1.10"
    gray-matter: "npm:^4.0.3"
  languageName: unknown
  linkType: soft

"chalk@npm:^4.0.2":
  version: 4.1.2
  resolution: "chalk@npm:4.1.2"
  dependencies:
    ansi-styles: "npm:^4.1.0"
    supports-color: "npm:^7.1.0"
  checksum: 10c0/4a3fef5cc34975c898ffe77141450f679721df9dde00f6c304353fa9c8b571929123b26a0e4617bde5018977eb655b31970c297b91b63ee83bb82aeb04666880
  languageName: node
  linkType: hard

"color-convert@npm:^2.0.1":
  version: 2.0.1
  resolution: "color-convert@npm:2.0.1"
  dependencies:
    color-name: "npm:~1.1.4"
  checksum: 10c0/37e1150172f2e311fe1b2df62c6293a342ee7380da7b9cfdba67ea539909afbd74da27033208d01d6d5cfc65ee7868a22e18d7e7648e004425441c0f8a15a7d7
  languageName: node
  linkType: hard

"color-name@npm:~1.1.4":
  version: 1.1.4
  resolution: "color-name@npm:1.1.4"
  checksum: 10c0/a1a3f914156960902f46f7f56bc62effc6c94e84b2cae157a526b1c1f74b677a47ec602bf68a61abfa2b42d15b7c5651c6dbe72a43af720bc588dff885b10f95
  languageName: node
  linkType: hard

"concat-map@npm:0.0.1":
  version: 0.0.1
  resolution: "concat-map@npm:0.0.1"
  checksum: 10c0/c996b1cfdf95b6c90fee4dae37e332c8b6eb7d106430c17d538034c0ad9a1630cb194d2ab37293b1bdd4d779494beee7786d586a50bd9376fd6f7bcc2bd4c98f
  languageName: node
  linkType: hard

"dotenv@npm:^16.4.7":
  version: 16.4.7
  resolution: "dotenv@npm:16.4.7"
  checksum: 10c0/be9f597e36a8daf834452daa1f4cc30e5375a5968f98f46d89b16b983c567398a330580c88395069a77473943c06b877d1ca25b4afafcdd6d4adb549e8293462
  languageName: node
  linkType: hard

"ejs@npm:^3.1.10":
  version: 3.1.10
  resolution: "ejs@npm:3.1.10"
  dependencies:
    jake: "npm:^10.8.5"
  bin:
    ejs: bin/cli.js
  checksum: 10c0/52eade9e68416ed04f7f92c492183340582a36482836b11eab97b159fcdcfdedc62233a1bf0bf5e5e1851c501f2dca0e2e9afd111db2599e4e7f53ee29429ae1
  languageName: node
  linkType: hard

"esprima@npm:^4.0.0":
  version: 4.0.1
  resolution: "esprima@npm:4.0.1"
  bin:
    esparse: ./bin/esparse.js
    esvalidate: ./bin/esvalidate.js
  checksum: 10c0/ad4bab9ead0808cf56501750fd9d3fb276f6b105f987707d059005d57e182d18a7c9ec7f3a01794ebddcca676773e42ca48a32d67a250c9d35e009ca613caba3
  languageName: node
  linkType: hard

"extend-shallow@npm:^2.0.1":
  version: 2.0.1
  resolution: "extend-shallow@npm:2.0.1"
  dependencies:
    is-extendable: "npm:^0.1.0"
  checksum: 10c0/ee1cb0a18c9faddb42d791b2d64867bd6cfd0f3affb711782eb6e894dd193e2934a7f529426aac7c8ddb31ac5d38000a00aa2caf08aa3dfc3e1c8ff6ba340bd9
  languageName: node
  linkType: hard

"filelist@npm:^1.0.4":
  version: 1.0.4
  resolution: "filelist@npm:1.0.4"
  dependencies:
    minimatch: "npm:^5.0.1"
  checksum: 10c0/426b1de3944a3d153b053f1c0ebfd02dccd0308a4f9e832ad220707a6d1f1b3c9784d6cadf6b2f68f09a57565f63ebc7bcdc913ccf8012d834f472c46e596f41
  languageName: node
  linkType: hard

"gray-matter@npm:^4.0.3":
  version: 4.0.3
  resolution: "gray-matter@npm:4.0.3"
  dependencies:
    js-yaml: "npm:^3.13.1"
    kind-of: "npm:^6.0.2"
    section-matter: "npm:^1.0.0"
    strip-bom-string: "npm:^1.0.0"
  checksum: 10c0/e38489906dad4f162ca01e0dcbdbed96d1a53740cef446b9bf76d80bec66fa799af07776a18077aee642346c5e1365ed95e4c91854a12bf40ba0d4fb43a625a6
  languageName: node
  linkType: hard

"has-flag@npm:^4.0.0":
  version: 4.0.0
  resolution: "has-flag@npm:4.0.0"
  checksum: 10c0/2e789c61b7888d66993e14e8331449e525ef42aac53c627cc53d1c3334e768bcb6abdc4f5f0de1478a25beec6f0bd62c7549058b7ac53e924040d4f301f02fd1
  languageName: node
  linkType: hard

"is-extendable@npm:^0.1.0":
  version: 0.1.1
  resolution: "is-extendable@npm:0.1.1"
  checksum: 10c0/dd5ca3994a28e1740d1e25192e66eed128e0b2ff161a7ea348e87ae4f616554b486854de423877a2a2c171d5f7cd6e8093b91f54533bc88a59ee1c9838c43879
  languageName: node
  linkType: hard

"jake@npm:^10.8.5":
  version: 10.9.2
  resolution: "jake@npm:10.9.2"
  dependencies:
    async: "npm:^3.2.3"
    chalk: "npm:^4.0.2"
    filelist: "npm:^1.0.4"
    minimatch: "npm:^3.1.2"
  bin:
    jake: bin/cli.js
  checksum: 10c0/c4597b5ed9b6a908252feab296485a4f87cba9e26d6c20e0ca144fb69e0c40203d34a2efddb33b3d297b8bd59605e6c1f44f6221ca1e10e69175ecbf3ff5fe31
  languageName: node
  linkType: hard

"js-yaml@npm:^3.13.1":
  version: 3.14.1
  resolution: "js-yaml@npm:3.14.1"
  dependencies:
    argparse: "npm:^1.0.7"
    esprima: "npm:^4.0.0"
  bin:
    js-yaml: bin/js-yaml.js
  checksum: 10c0/6746baaaeac312c4db8e75fa22331d9a04cccb7792d126ed8ce6a0bbcfef0cedaddd0c5098fade53db067c09fe00aa1c957674b4765610a8b06a5a189e46433b
  languageName: node
  linkType: hard

"kind-of@npm:^6.0.0, kind-of@npm:^6.0.2":
  version: 6.0.3
  resolution: "kind-of@npm:6.0.3"
  checksum: 10c0/61cdff9623dabf3568b6445e93e31376bee1cdb93f8ba7033d86022c2a9b1791a1d9510e026e6465ebd701a6dd2f7b0808483ad8838341ac52f003f512e0b4c4
  languageName: node
  linkType: hard

"minimatch@npm:^3.1.2":
  version: 3.1.2
  resolution: "minimatch@npm:3.1.2"
  dependencies:
    brace-expansion: "npm:^1.1.7"
  checksum: 10c0/0262810a8fc2e72cca45d6fd86bd349eee435eb95ac6aa45c9ea2180e7ee875ef44c32b55b5973ceabe95ea12682f6e3725cbb63d7a2d1da3ae1163c8b210311
  languageName: node
  linkType: hard

"minimatch@npm:^5.0.1":
  version: 5.1.6
  resolution: "minimatch@npm:5.1.6"
  dependencies:
    brace-expansion: "npm:^2.0.1"
  checksum: 10c0/3defdfd230914f22a8da203747c42ee3c405c39d4d37ffda284dac5e45b7e1f6c49aa8be606509002898e73091ff2a3bbfc59c2c6c71d4660609f63aa92f98e3
  languageName: node
  linkType: hard

"section-matter@npm:^1.0.0":
  version: 1.0.0
  resolution: "section-matter@npm:1.0.0"
  dependencies:
    extend-shallow: "npm:^2.0.1"
    kind-of: "npm:^6.0.0"
  checksum: 10c0/8007f91780adc5aaa781a848eaae50b0f680bbf4043b90cf8a96778195b8fab690c87fe7a989e02394ce69890e330811ec8dab22397d384673ce59f7d750641d
  languageName: node
  linkType: hard

"sprintf-js@npm:~1.0.2":
  version: 1.0.3
  resolution: "sprintf-js@npm:1.0.3"
  checksum: 10c0/ecadcfe4c771890140da5023d43e190b7566d9cf8b2d238600f31bec0fc653f328da4450eb04bd59a431771a8e9cc0e118f0aa3974b683a4981b4e07abc2a5bb
  languageName: node
  linkType: hard

"strip-bom-string@npm:^1.0.0":
  version: 1.0.0
  resolution: "strip-bom-string@npm:1.0.0"
  checksum: 10c0/5c5717e2643225aa6a6d659d34176ab2657037f1fe2423ac6fcdb488f135e14fef1022030e426d8b4d0989e09adbd5c3288d5d3b9c632abeefd2358dfc512bca
  languageName: node
  linkType: hard

"supports-color@npm:^7.1.0":
  version: 7.2.0
  resolution: "supports-color@npm:7.2.0"
  dependencies:
    has-flag: "npm:^4.0.0"
  checksum: 10c0/afb4c88521b8b136b5f5f95160c98dee7243dc79d5432db7efc27efb219385bbc7d9427398e43dd6cc730a0f87d5085ce1652af7efbe391327bc0a7d0f7fc124
  languageName: node
  linkType: hard
